
Microsoft Visual Studio Solution File, Format Version 12.00
# Visual Studio Version 17
VisualStudioVersion = 17.7.34202.233
MinimumVisualStudioVersion = 10.0.40219.1
Project("{11A8DD76-328B-46DF-9F39-F559912D0360}") = "Burkenyo.Iot.Beacon", "Beacon\Burkenyo.Iot.Beacon.nfproj", "{8773F37D-6453-4C40-BDC4-CE37C95B346E}"
EndProject
Project("{9A19103F-16F7-4668-BE54-9A1E7A4F7556}") = "Burkenyo.Iot.Server", "Server\Burkenyo.Iot.Server.csproj", "{208B5D73-404F-4857-B84A-DB9A0F373AB1}"
EndProject
Project("{D954291E-2A0B-460D-934E-DC6B0785DB48}") = "Burkenyo.Iot.Shared", "Shared\Burkenyo.Iot.Shared.shproj", "{7E08040A-1D84-469A-9C6E-91028CC516AB}"
EndProject
Global
	GlobalSection(SolutionConfigurationPlatforms) = preSolution
		Debug|Any CPU = Debug|Any CPU
		Release|Any CPU = Release|Any CPU
	EndGlobalSection
	GlobalSection(ProjectConfigurationPlatforms) = postSolution
		{8773F37D-6453-4C40-BDC4-CE37C95B346E}.Debug|Any CPU.ActiveCfg = Debug|Any CPU
		{8773F37D-6453-4C40-BDC4-CE37C95B346E}.Debug|Any CPU.Build.0 = Debug|Any CPU
		{8773F37D-6453-4C40-BDC4-CE37C95B346E}.Debug|Any CPU.Deploy.0 = Debug|Any CPU
		{8773F37D-6453-4C40-BDC4-CE37C95B346E}.Release|Any CPU.ActiveCfg = Release|Any CPU
		{8773F37D-6453-4C40-BDC4-CE37C95B346E}.Release|Any CPU.Build.0 = Release|Any CPU
		{8773F37D-6453-4C40-BDC4-CE37C95B346E}.Release|Any CPU.Deploy.0 = Release|Any CPU
		{208B5D73-404F-4857-B84A-DB9A0F373AB1}.Debug|Any CPU.ActiveCfg = Debug|Any CPU
		{208B5D73-404F-4857-B84A-DB9A0F373AB1}.Debug|Any CPU.Build.0 = Debug|Any CPU
		{208B5D73-404F-4857-B84A-DB9A0F373AB1}.Release|Any CPU.ActiveCfg = Release|Any CPU
		{208B5D73-404F-4857-B84A-DB9A0F373AB1}.Release|Any CPU.Build.0 = Release|Any CPU
	EndGlobalSection
	GlobalSection(SolutionProperties) = preSolution
		HideSolutionNode = FALSE
	EndGlobalSection
	GlobalSection(ExtensibilityGlobals) = postSolution
		SolutionGuid = {DA739467-697C-4F6A-BF3D-756D6717C283}
	EndGlobalSection
	GlobalSection(SharedMSBuildProjectFiles) = preSolution
		Shared\Burkenyo.Iot.Shared.projitems*{208b5d73-404f-4857-b84a-db9a0f373ab1}*SharedItemsImports = 5
		Shared\Burkenyo.Iot.Shared.projitems*{7e08040a-1d84-469a-9c6e-91028cc516ab}*SharedItemsImports = 13
	EndGlobalSection
EndGlobal
